// !$*UTF8*$!
{
	archiveVersion = 1;
	classes = {
	};
	objectVersion = 56;
	objects = {

/* Begin PBXBuildFile section */
		8421818E2C39054A004AE660 /* AppDelegate.swift in Sources */ = {isa = PBXBuildFile; fileRef = 8421818D2C39054A004AE660 /* AppDelegate.swift */; };
		842181902C39054A004AE660 /* SceneDelegate.swift in Sources */ = {isa = PBXBuildFile; fileRef = 8421818F2C39054A004AE660 /* SceneDelegate.swift */; };
		842181922C39054A004AE660 /* ViewController.swift in Sources */ = {isa = PBXBuildFile; fileRef = 842181912C39054A004AE660 /* ViewController.swift */; };
		842181952C39054A004AE660 /* Base in Resources */ = {isa = PBXBuildFile; fileRef = 842181942C39054A004AE660 /* Base */; };
		842181972C39054C004AE660 /* Assets.xcassets in Resources */ = {isa = PBXBuildFile; fileRef = 842181962C39054C004AE660 /* Assets.xcassets */; };
		8421819A2C39054C004AE660 /* Base in Resources */ = {isa = PBXBuildFile; fileRef = 842181992C39054C004AE660 /* Base */; };
		842181A52C39054C004AE660 /* VnPay_Challenge_PokemonTests.swift in Sources */ = {isa = PBXBuildFile; fileRef = 842181A42C39054C004AE660 /* VnPay_Challenge_PokemonTests.swift */; };
		842181AF2C39054C004AE660 /* VnPay_Challenge_PokemonUITests.swift in Sources */ = {isa = PBXBuildFile; fileRef = 842181AE2C39054C004AE660 /* VnPay_Challenge_PokemonUITests.swift */; };
		842181B12C39054C004AE660 /* VnPay_Challenge_PokemonUITestsLaunchTests.swift in Sources */ = {isa = PBXBuildFile; fileRef = 842181B02C39054C004AE660 /* VnPay_Challenge_PokemonUITestsLaunchTests.swift */; };
/* End PBXBuildFile section */

/* Begin PBXContainerItemProxy section */
		842181A12C39054C004AE660 /* PBXContainerItemProxy */ = {
			isa = PBXContainerItemProxy;
			containerPortal = 842181822C39054A004AE660 /* Project object */;
			proxyType = 1;
			remoteGlobalIDString = 842181892C39054A004AE660;
			remoteInfo = VnPay_Challenge_Pokemon;
		};
		842181AB2C39054C004AE660 /* PBXContainerItemProxy */ = {
			isa = PBXContainerItemProxy;
			containerPortal = 842181822C39054A004AE660 /* Project object */;
			proxyType = 1;
			remoteGlobalIDString = 842181892C39054A004AE660;
			remoteInfo = VnPay_Challenge_Pokemon;
		};
/* End PBXContainerItemProxy section */

/* Begin PBXFileReference section */
		8421818A2C39054A004AE660 /* VnPay_Challenge_Pokemon.app */ = {isa = PBXFileReference; explicitFileType = wrapper.application; includeInIndex = 0; path = VnPay_Challenge_Pokemon.app; sourceTree = BUILT_PRODUCTS_DIR; };
		8421818D2C39054A004AE660 /* AppDelegate.swift */ = {isa = PBXFileReference; lastKnownFileType = sourcecode.swift; path = AppDelegate.swift; sourceTree = "<group>"; };
		8421818F2C39054A004AE660 /* SceneDelegate.swift */ = {isa = PBXFileReference; lastKnownFileType = sourcecode.swift; path = SceneDelegate.swift; sourceTree = "<group>"; };
		842181912C39054A004AE660 /* ViewController.swift */ = {isa = PBXFileReference; lastKnownFileType = sourcecode.swift; path = ViewController.swift; sourceTree = "<group>"; };
		842181942C39054A004AE660 /* Base */ = {isa = PBXFileReference; lastKnownFileType = file.storyboard; name = Base; path = Base.lproj/Main.storyboard; sourceTree = "<group>"; };
		842181962C39054C004AE660 /* Assets.xcassets */ = {isa = PBXFileReference; lastKnownFileType = folder.assetcatalog; path = Assets.xcassets; sourceTree = "<group>"; };
		842181992C39054C004AE660 /* Base */ = {isa = PBXFileReference; lastKnownFileType = file.storyboard; name = Base; path = Base.lproj/LaunchScreen.storyboard; sourceTree = "<group>"; };
		8421819B2C39054C004AE660 /* Info.plist */ = {isa = PBXFileReference; lastKnownFileType = text.plist.xml; path = Info.plist; sourceTree = "<group>"; };
		842181A02C39054C004AE660 /* VnPay_Challenge_PokemonTests.xctest */ = {isa = PBXFileReference; explicitFileType = wrapper.cfbundle; includeInIndex = 0; path = VnPay_Challenge_PokemonTests.xctest; sourceTree = BUILT_PRODUCTS_DIR; };
		842181A42C39054C004AE660 /* VnPay_Challenge_PokemonTests.swift */ = {isa = PBXFileReference; lastKnownFileType = sourcecode.swift; path = VnPay_Challenge_PokemonTests.swift; sourceTree = "<group>"; };
		842181AA2C39054C004AE660 /* VnPay_Challenge_PokemonUITests.xctest */ = {isa = PBXFileReference; explicitFileType = wrapper.cfbundle; includeInIndex = 0; path = VnPay_Challenge_PokemonUITests.xctest; sourceTree = BUILT_PRODUCTS_DIR; };
		842181AE2C39054C004AE660 /* VnPay_Challenge_PokemonUITests.swift */ = {isa = PBXFileReference; lastKnownFileType = sourcecode.swift; path = VnPay_Challenge_PokemonUITests.swift; sourceTree = "<group>"; };
		842181B02C39054C004AE660 /* VnPay_Challenge_PokemonUITestsLaunchTests.swift */ = {isa = PBXFileReference; lastKnownFileType = sourcecode.swift; path = VnPay_Challenge_PokemonUITestsLaunchTests.swift; sourceTree = "<group>"; };
/* End PBXFileReference section */

/* Begin PBXFrameworksBuildPhase section */
		842181872C39054A004AE660 /* Frameworks */ = {
			isa = PBXFrameworksBuildPhase;
			buildActionMask = 2147483647;
			files = (
			);
			runOnlyForDeploymentPostprocessing = 0;
		};
		8421819D2C39054C004AE660 /* Frameworks */ = {
			isa = PBXFrameworksBuildPhase;
			buildActionMask = 2147483647;
			files = (
			);
			runOnlyForDeploymentPostprocessing = 0;
		};
		842181A72C39054C004AE660 /* Frameworks */ = {
			isa = PBXFrameworksBuildPhase;
			buildActionMask = 2147483647;
			files = (
			);
			runOnlyForDeploymentPostprocessing = 0;
		};
/* End PBXFrameworksBuildPhase section */

/* Begin PBXGroup section */
		842181812C39054A004AE660 = {
			isa = PBXGroup;
			children = (
				8421818C2C39054A004AE660 /* VnPay_Challenge_Pokemon */,
				842181A32C39054C004AE660 /* VnPay_Challenge_PokemonTests */,
				842181AD2C39054C004AE660 /* VnPay_Challenge_PokemonUITests */,
				8421818B2C39054A004AE660 /* Products */,
			);
			sourceTree = "<group>";
		};
		8421818B2C39054A004AE660 /* Products */ = {
			isa = PBXGroup;
			children = (
				8421818A2C39054A004AE660 /* VnPay_Challenge_Pokemon.app */,
				842181A02C39054C004AE660 /* VnPay_Challenge_PokemonTests.xctest */,
				842181AA2C39054C004AE660 /* VnPay_Challenge_PokemonUITests.xctest */,
			);
			name = Products;
			sourceTree = "<group>";
		};
		8421818C2C39054A004AE660 /* VnPay_Challenge_Pokemon */ = {
			isa = PBXGroup;
			children = (
				8421818D2C39054A004AE660 /* AppDelegate.swift */,
				8421818F2C39054A004AE660 /* SceneDelegate.swift */,
				842181912C39054A004AE660 /* ViewController.swift */,
				842181932C39054A004AE660 /* Main.storyboard */,
				842181962C39054C004AE660 /* Assets.xcassets */,
				842181982C39054C004AE660 /* LaunchScreen.storyboard */,
				8421819B2C39054C004AE660 /* Info.plist */,
			);
			path = VnPay_Challenge_Pokemon;
			sourceTree = "<group>";
		};
		842181A32C39054C004AE660 /* VnPay_Challenge_PokemonTests */ = {
			isa = PBXGroup;
			children = (
				842181A42C39054C004AE660 /* VnPay_Challenge_PokemonTests.swift */,
			);
			path = VnPay_Challenge_PokemonTests;
			sourceTree = "<group>";
		};
		842181AD2C39054C004AE660 /* VnPay_Challenge_PokemonUITests */ = {
			isa = PBXGroup;
			children = (
				842181AE2C39054C004AE660 /* VnPay_Challenge_PokemonUITests.swift */,
				842181B02C39054C004AE660 /* VnPay_Challenge_PokemonUITestsLaunchTests.swift */,
			);
			path = VnPay_Challenge_PokemonUITests;
			sourceTree = "<group>";
		};
/* End PBXGroup section */

/* Begin PBXNativeTarget section */
		842181892C39054A004AE660 /* VnPay_Challenge_Pokemon */ = {
			isa = PBXNativeTarget;
			buildConfigurationList = 842181B42C39054C004AE660 /* Build configuration list for PBXNativeTarget "VnPay_Challenge_Pokemon" */;
			buildPhases = (
				842181862C39054A004AE660 /* Sources */,
				842181872C39054A004AE660 /* Frameworks */,
				842181882C39054A004AE660 /* Resources */,
			);
			buildRules = (
			);
			dependencies = (
			);
			name = VnPay_Challenge_Pokemon;
			productName = VnPay_Challenge_Pokemon;
			productReference = 8421818A2C39054A004AE660 /* VnPay_Challenge_Pokemon.app */;
			productType = "com.apple.product-type.application";
		};
		8421819F2C39054C004AE660 /* VnPay_Challenge_PokemonTests */ = {
			isa = PBXNativeTarget;
			buildConfigurationList = 842181B72C39054C004AE660 /* Build configuration list for PBXNativeTarget "VnPay_Challenge_PokemonTests" */;
			buildPhases = (
				8421819C2C39054C004AE660 /* Sources */,
				8421819D2C39054C004AE660 /* Frameworks */,
				8421819E2C39054C004AE660 /* Resources */,
			);
			buildRules = (
			);
			dependencies = (
				842181A22C39054C004AE660 /* PBXTargetDependency */,
			);
			name = VnPay_Challenge_PokemonTests;
			productName = VnPay_Challenge_PokemonTests;
			productReference = 842181A02C39054C004AE660 /* VnPay_Challenge_PokemonTests.xctest */;
			productType = "com.apple.product-type.bundle.unit-test";
		};
		842181A92C39054C004AE660 /* VnPay_Challenge_PokemonUITests */ = {
			isa = PBXNativeTarget;
			buildConfigurationList = 842181BA2C39054C004AE660 /* Build configuration list for PBXNativeTarget "VnPay_Challenge_PokemonUITests" */;
			buildPhases = (
				842181A62C39054C004AE660 /* Sources */,
				842181A72C39054C004AE660 /* Frameworks */,
				842181A82C39054C004AE660 /* Resources */,
			);
			buildRules = (
			);
			dependencies = (
				842181AC2C39054C004AE660 /* PBXTargetDependency */,
			);
			name = VnPay_Challenge_PokemonUITests;
			productName = VnPay_Challenge_PokemonUITests;
			productReference = 842181AA2C39054C004AE660 /* VnPay_Challenge_PokemonUITests.xctest */;
			productType = "com.apple.product-type.bundle.ui-testing";
		};
/* End PBXNativeTarget section */

/* Begin PBXProject section */
		842181822C39054A004AE660 /* Project object */ = {
			isa = PBXProject;
			attributes = {
				BuildIndependentTargetsInParallel = 1;
				LastSwiftUpdateCheck = 1540;
				LastUpgradeCheck = 1540;
				TargetAttributes = {
					842181892C39054A004AE660 = {
						CreatedOnToolsVersion = 15.4;
					};
					8421819F2C39054C004AE660 = {
						CreatedOnToolsVersion = 15.4;
						TestTargetID = 842181892C39054A004AE660;
					};
					842181A92C39054C004AE660 = {
						CreatedOnToolsVersion = 15.4;
						TestTargetID = 842181892C39054A004AE660;
					};
				};
			};
			buildConfigurationList = 842181852C39054A004AE660 /* Build configuration list for PBXProject "VnPay_Challenge_Pokemon" */;
			compatibilityVersion = "Xcode 14.0";
			developmentRegion = en;
			hasScannedForEncodings = 0;
			knownRegions = (
				en,
				Base,
			);
			mainGroup = 842181812C39054A004AE660;
			productRefGroup = 8421818B2C39054A004AE660 /* Products */;
			projectDirPath = "";
			projectRoot = "";
			targets = (
				842181892C39054A004AE660 /* VnPay_Challenge_Pokemon */,
				8421819F2C39054C004AE660 /* VnPay_Challenge_PokemonTests */,
				842181A92C39054C004AE660 /* VnPay_Challenge_PokemonUITests */,
			);
		};
/* End PBXProject section */

/* Begin PBXResourcesBuildPhase section */
		842181882C39054A004AE660 /* Resources */ = {
			isa = PBXResourcesBuildPhase;
			buildActionMask = 2147483647;
			files = (
				842181972C39054C004AE660 /* Assets.xcassets in Resources */,
				8421819A2C39054C004AE660 /* Base in Resources */,
				842181952C39054A004AE660 /* Base in Resources */,
			);
			runOnlyForDeploymentPostprocessing = 0;
		};
		8421819E2C39054C004AE660 /* Resources */ = {
			isa = PBXResourcesBuildPhase;
			buildActionMask = 2147483647;
			files = (
			);
			runOnlyForDeploymentPostprocessing = 0;
		};
		842181A82C39054C004AE660 /* Resources */ = {
			isa = PBXResourcesBuildPhase;
			buildActionMask = 2147483647;
			files = (
			);
			runOnlyForDeploymentPostprocessing = 0;
		};
/* End PBXResourcesBuildPhase section */

/* Begin PBXSourcesBuildPhase section */
		842181862C39054A004AE660 /* Sources */ = {
			isa = PBXSourcesBuildPhase;
			buildActionMask = 2147483647;
			files = (
				842181922C39054A004AE660 /* ViewController.swift in Sources */,
				8421818E2C39054A004AE660 /* AppDelegate.swift in Sources */,
				842181902C39054A004AE660 /* SceneDelegate.swift in Sources */,
			);
			runOnlyForDeploymentPostprocessing = 0;
		};
		8421819C2C39054C004AE660 /* Sources */ = {
			isa = PBXSourcesBuildPhase;
			buildActionMask = 2147483647;
			files = (
				842181A52C39054C004AE660 /* VnPay_Challenge_PokemonTests.swift in Sources */,
			);
			runOnlyForDeploymentPostprocessing = 0;
		};
		842181A62C39054C004AE660 /* Sources */ = {
			isa = PBXSourcesBuildPhase;
			buildActionMask = 2147483647;
			files = (
				842181AF2C39054C004AE660 /* VnPay_Challenge_PokemonUITests.swift in Sources */,
				842181B12C39054C004AE660 /* VnPay_Challenge_PokemonUITestsLaunchTests.swift in Sources */,
			);
			runOnlyForDeploymentPostprocessing = 0;
		};
/* End PBXSourcesBuildPhase section */

/* Begin PBXTargetDependency section */
		842181A22C39054C004AE660 /* PBXTargetDependency */ = {
			isa = PBXTargetDependency;
			target = 842181892C39054A004AE660 /* VnPay_Challenge_Pokemon */;
			targetProxy = 842181A12C39054C004AE660 /* PBXContainerItemProxy */;
		};
		842181AC2C39054C004AE660 /* PBXTargetDependency */ = {
			isa = PBXTargetDependency;
			target = 842181892C39054A004AE660 /* VnPay_Challenge_Pokemon */;
			targetProxy = 842181AB2C39054C004AE660 /* PBXContainerItemProxy */;
		};
/* End PBXTargetDependency section */

/* Begin PBXVariantGroup section */
		842181932C39054A004AE660 /* Main.storyboard */ = {
			isa = PBXVariantGroup;
			children = (
				842181942C39054A004AE660 /* Base */,
			);
			name = Main.storyboard;
			sourceTree = "<group>";
		};
		842181982C39054C004AE660 /* LaunchScreen.storyboard */ = {
			isa = PBXVariantGroup;
			children = (
				842181992C39054C004AE660 /* Base */,
			);
			name = LaunchScreen.storyboard;
			sourceTree = "<group>";
		};
/* End PBXVariantGroup section */

/* Begin XCBuildConfiguration section */
		842181B22C39054C004AE660 /* Debug */ = {
			isa = XCBuildConfiguration;
			buildSettings = {
				ALWAYS_SEARCH_USER_PATHS = NO;
				ASSETCATALOG_COMPILER_GENERATE_SWIFT_ASSET_SYMBOL_EXTENSIONS = YES;
				CLANG_ANALYZER_NONNULL = YES;
				CLANG_ANALYZER_NUMBER_OBJECT_CONVERSION = YES_AGGRESSIVE;
				CLANG_CXX_LANGUAGE_STANDARD = "gnu++20";
				CLANG_ENABLE_MODULES = YES;
				CLANG_ENABLE_OBJC_ARC = YES;
				CLANG_ENABLE_OBJC_WEAK = YES;
				CLANG_WARN_BLOCK_CAPTURE_AUTORELEASING = YES;
				CLANG_WARN_BOOL_CONVERSION = YES;
				CLANG_WARN_COMMA = YES;
				CLANG_WARN_CONSTANT_CONVERSION = YES;
				CLANG_WARN_DEPRECATED_OBJC_IMPLEMENTATIONS = YES;
				CLANG_WARN_DIRECT_OBJC_ISA_USAGE = YES_ERROR;
				CLANG_WARN_DOCUMENTATION_COMMENTS = YES;
				CLANG_WARN_EMPTY_BODY = YES;
				CLANG_WARN_ENUM_CONVERSION = YES;
				CLANG_WARN_INFINITE_RECURSION = YES;
				CLANG_WARN_INT_CONVERSION = YES;
				CLANG_WARN_NON_LITERAL_NULL_CONVERSION = YES;
				CLANG_WARN_OBJC_IMPLICIT_RETAIN_SELF = YES;
				CLANG_WARN_OBJC_LITERAL_CONVERSION = YES;
				CLANG_WARN_OBJC_ROOT_CLASS = YES_ERROR;
				CLANG_WARN_QUOTED_INCLUDE_IN_FRAMEWORK_HEADER = YES;
				CLANG_WARN_RANGE_LOOP_ANALYSIS = YES;
				CLANG_WARN_STRICT_PROTOTYPES = YES;
				CLANG_WARN_SUSPICIOUS_MOVE = YES;
				CLANG_WARN_UNGUARDED_AVAILABILITY = YES_AGGRESSIVE;
				CLANG_WARN_UNREACHABLE_CODE = YES;
				CLANG_WARN__DUPLICATE_METHOD_MATCH = YES;
				COPY_PHASE_STRIP = NO;
				DEBUG_INFORMATION_FORMAT = dwarf;
				ENABLE_STRICT_OBJC_MSGSEND = YES;
				ENABLE_TESTABILITY = YES;
				ENABLE_USER_SCRIPT_SANDBOXING = YES;
				GCC_C_LANGUAGE_STANDARD = gnu17;
				GCC_DYNAMIC_NO_PIC = NO;
				GCC_NO_COMMON_BLOCKS = YES;
				GCC_OPTIMIZATION_LEVEL = 0;
				GCC_PREPROCESSOR_DEFINITIONS = (
					"DEBUG=1",
					"$(inherited)",
				);
				GCC_WARN_64_TO_32_BIT_CONVERSION = YES;
				GCC_WARN_ABOUT_RETURN_TYPE = YES_ERROR;
				GCC_WARN_UNDECLARED_SELECTOR = YES;
				GCC_WARN_UNINITIALIZED_AUTOS = YES_AGGRESSIVE;
				GCC_WARN_UNUSED_FUNCTION = YES;
				GCC_WARN_UNUSED_VARIABLE = YES;
				IPHONEOS_DEPLOYMENT_TARGET = 17.5;
				LOCALIZATION_PREFERS_STRING_CATALOGS = YES;
				MTL_ENABLE_DEBUG_INFO = INCLUDE_SOURCE;
				MTL_FAST_MATH = YES;
				ONLY_ACTIVE_ARCH = YES;
				SDKROOT = iphoneos;
				SWIFT_ACTIVE_COMPILATION_CONDITIONS = "DEBUG $(inherited)";
				SWIFT_OPTIMIZATION_LEVEL = "-Onone";
			};
			name = Debug;
		};
		842181B32C39054C004AE660 /* Release */ = {
			isa = XCBuildConfiguration;
			buildSettings = {
				ALWAYS_SEARCH_USER_PATHS = NO;
				ASSETCATALOG_COMPILER_GENERATE_SWIFT_ASSET_SYMBOL_EXTENSIONS = YES;
				CLANG_ANALYZER_NONNULL = YES;
				CLANG_ANALYZER_NUMBER_OBJECT_CONVERSION = YES_AGGRESSIVE;
				CLANG_CXX_LANGUAGE_STANDARD = "gnu++20";
				CLANG_ENABLE_MODULES = YES;
				CLANG_ENABLE_OBJC_ARC = YES;
				CLANG_ENABLE_OBJC_WEAK = YES;
				CLANG_WARN_BLOCK_CAPTURE_AUTORELEASING = YES;
				CLANG_WARN_BOOL_CONVERSION = YES;
				CLANG_WARN_COMMA = YES;
				CLANG_WARN_CONSTANT_CONVERSION = YES;
				CLANG_WARN_DEPRECATED_OBJC_IMPLEMENTATIONS = YES;
				CLANG_WARN_DIRECT_OBJC_ISA_USAGE = YES_ERROR;
				CLANG_WARN_DOCUMENTATION_COMMENTS = YES;
				CLANG_WARN_EMPTY_BODY = YES;
				CLANG_WARN_ENUM_CONVERSION = YES;
				CLANG_WARN_INFINITE_RECURSION = YES;
				CLANG_WARN_INT_CONVERSION = YES;
				CLANG_WARN_NON_LITERAL_NULL_CONVERSION = YES;
				CLANG_WARN_OBJC_IMPLICIT_RETAIN_SELF = YES;
				CLANG_WARN_OBJC_LITERAL_CONVERSION = YES;
				CLANG_WARN_OBJC_ROOT_CLASS = YES_ERROR;
				CLANG_WARN_QUOTED_INCLUDE_IN_FRAMEWORK_HEADER = YES;
				CLANG_WARN_RANGE_LOOP_ANALYSIS = YES;
				CLANG_WARN_STRICT_PROTOTYPES = YES;
				CLANG_WARN_SUSPICIOUS_MOVE = YES;
				CLANG_WARN_UNGUARDED_AVAILABILITY = YES_AGGRESSIVE;
				CLANG_WARN_UNREACHABLE_CODE = YES;
				CLANG_WARN__DUPLICATE_METHOD_MATCH = YES;
				COPY_PHASE_STRIP = NO;
				DEBUG_INFORMATION_FORMAT = "dwarf-with-dsym";
				ENABLE_NS_ASSERTIONS = NO;
				ENABLE_STRICT_OBJC_MSGSEND = YES;
				ENABLE_USER_SCRIPT_SANDBOXING = YES;
				GCC_C_LANGUAGE_STANDARD = gnu17;
				GCC_NO_COMMON_BLOCKS = YES;
				GCC_WARN_64_TO_32_BIT_CONVERSION = YES;
				GCC_WARN_ABOUT_RETURN_TYPE = YES_ERROR;
				GCC_WARN_UNDECLARED_SELECTOR = YES;
				GCC_WARN_UNINITIALIZED_AUTOS = YES_AGGRESSIVE;
				GCC_WARN_UNUSED_FUNCTION = YES;
				GCC_WARN_UNUSED_VARIABLE = YES;
				IPHONEOS_DEPLOYMENT_TARGET = 17.5;
				LOCALIZATION_PREFERS_STRING_CATALOGS = YES;
				MTL_ENABLE_DEBUG_INFO = NO;
				MTL_FAST_MATH = YES;
				SDKROOT = iphoneos;
				SWIFT_COMPILATION_MODE = wholemodule;
				VALIDATE_PRODUCT = YES;
			};
			name = Release;
		};
		842181B52C39054C004AE660 /* Debug */ = {
			isa = XCBuildConfiguration;
			buildSettings = {
				ASSETCATALOG_COMPILER_APPICON_NAME = AppIcon;
				ASSETCATALOG_COMPILER_GLOBAL_ACCENT_COLOR_NAME = AccentColor;
				CODE_SIGN_STYLE = Automatic;
				CURRENT_PROJECT_VERSION = 1;
				GENERATE_INFOPLIST_FILE = YES;
				INFOPLIST_FILE = VnPay_Challenge_Pokemon/Info.plist;
				INFOPLIST_KEY_UIApplicationSupportsIndirectInputEvents = YES;
				INFOPLIST_KEY_UILaunchStoryboardName = LaunchScreen;
				INFOPLIST_KEY_UIMainStoryboardFile = Main;
				INFOPLIST_KEY_UISupportedInterfaceOrientations_iPad = "UIInterfaceOrientationPortrait UIInterfaceOrientationPortraitUpsideDown UIInterfaceOrientationLandscapeLeft UIInterfaceOrientationLandscapeRight";
				INFOPLIST_KEY_UISupportedInterfaceOrientations_iPhone = "UIInterfaceOrientationPortrait UIInterfaceOrientationLandscapeLeft UIInterfaceOrientationLandscapeRight";
				LD_RUNPATH_SEARCH_PATHS = (
					"$(inherited)",
					"@executable_path/Frameworks",
				);
				MARKETING_VERSION = 1.0;
				PRODUCT_BUNDLE_IDENTIFIER = "VnPay.VnPay-Challenge-Pokemon";
				PRODUCT_NAME = "$(TARGET_NAME)";
				SWIFT_EMIT_LOC_STRINGS = YES;
				SWIFT_VERSION = 5.0;
				TARGETED_DEVICE_FAMILY = "1,2";
			};
			name = Debug;
		};
		842181B62C39054C004AE660 /* Release */ = {
			isa = XCBuildConfiguration;
			buildSettings = {
				ASSETCATALOG_COMPILER_APPICON_NAME = AppIcon;
				ASSETCATALOG_COMPILER_GLOBAL_ACCENT_COLOR_NAME = AccentColor;
				CODE_SIGN_STYLE = Automatic;
				CURRENT_PROJECT_VERSION = 1;
				GENERATE_INFOPLIST_FILE = YES;
				INFOPLIST_FILE = VnPay_Challenge_Pokemon/Info.plist;
				INFOPLIST_KEY_UIApplicationSupportsIndirectInputEvents = YES;
				INFOPLIST_KEY_UILaunchStoryboardName = LaunchScreen;
				INFOPLIST_KEY_UIMainStoryboardFile = Main;
				INFOPLIST_KEY_UISupportedInterfaceOrientations_iPad = "UIInterfaceOrientationPortrait UIInterfaceOrientationPortraitUpsideDown UIInterfaceOrientationLandscapeLeft UIInterfaceOrientationLandscapeRight";
				INFOPLIST_KEY_UISupportedInterfaceOrientations_iPhone = "UIInterfaceOrientationPortrait UIInterfaceOrientationLandscapeLeft UIInterfaceOrientationLandscapeRight";
				LD_RUNPATH_SEARCH_PATHS = (
					"$(inherited)",
					"@executable_path/Frameworks",
				);
				MARKETING_VERSION = 1.0;
				PRODUCT_BUNDLE_IDENTIFIER = "VnPay.VnPay-Challenge-Pokemon";
				PRODUCT_NAME = "$(TARGET_NAME)";
				SWIFT_EMIT_LOC_STRINGS = YES;
				SWIFT_VERSION = 5.0;
				TARGETED_DEVICE_FAMILY = "1,2";
			};
			name = Release;
		};
		842181B82C39054C004AE660 /* Debug */ = {
			isa = XCBuildConfiguration;
			buildSettings = {
				ALWAYS_EMBED_SWIFT_STANDARD_LIBRARIES = YES;
				BUNDLE_LOADER = "$(TEST_HOST)";
				CODE_SIGN_STYLE = Automatic;
				CURRENT_PROJECT_VERSION = 1;
				GENERATE_INFOPLIST_FILE = YES;
				IPHONEOS_DEPLOYMENT_TARGET = 17.5;
				MARKETING_VERSION = 1.0;
				PRODUCT_BUNDLE_IDENTIFIER = "VnPay.VnPay-Challenge-PokemonTests";
				PRODUCT_NAME = "$(TARGET_NAME)";
				SWIFT_EMIT_LOC_STRINGS = NO;
				SWIFT_VERSION = 5.0;
				TARGETED_DEVICE_FAMILY = "1,2";
				TEST_HOST = "$(BUILT_PRODUCTS_DIR)/VnPay_Challenge_Pokemon.app/$(BUNDLE_EXECUTABLE_FOLDER_PATH)/VnPay_Challenge_Pokemon";
			};
			name = Debug;
		};
		842181B92C39054C004AE660 /* Release */ = {
			isa = XCBuildConfiguration;
			buildSettings = {
				ALWAYS_EMBED_SWIFT_STANDARD_LIBRARIES = YES;
				BUNDLE_LOADER = "$(TEST_HOST)";
				CODE_SIGN_STYLE = Automatic;
				CURRENT_PROJECT_VERSION = 1;
				GENERATE_INFOPLIST_FILE = YES;
				IPHONEOS_DEPLOYMENT_TARGET = 17.5;
				MARKETING_VERSION = 1.0;
				PRODUCT_BUNDLE_IDENTIFIER = "VnPay.VnPay-Challenge-PokemonTests";
				PRODUCT_NAME = "$(TARGET_NAME)";
				SWIFT_EMIT_LOC_STRINGS = NO;
				SWIFT_VERSION = 5.0;
				TARGETED_DEVICE_FAMILY = "1,2";
				TEST_HOST = "$(BUILT_PRODUCTS_DIR)/VnPay_Challenge_Pokemon.app/$(BUNDLE_EXECUTABLE_FOLDER_PATH)/VnPay_Challenge_Pokemon";
			};
			name = Release;
		};
		842181BB2C39054C004AE660 /* Debug */ = {
			isa = XCBuildConfiguration;
			buildSettings = {
				ALWAYS_EMBED_SWIFT_STANDARD_LIBRARIES = YES;
				CODE_SIGN_STYLE = Automatic;
				CURRENT_PROJECT_VERSION = 1;
				GENERATE_INFOPLIST_FILE = YES;
				MARKETING_VERSION = 1.0;
				PRODUCT_BUNDLE_IDENTIFIER = "VnPay.VnPay-Challenge-PokemonUITests";
				PRODUCT_NAME = "$(TARGET_NAME)";
				SWIFT_EMIT_LOC_STRINGS = NO;
				SWIFT_VERSION = 5.0;
				TARGETED_DEVICE_FAMILY = "1,2";
				TEST_TARGET_NAME = VnPay_Challenge_Pokemon;
			};
			name = Debug;
		};
		842181BC2C39054C004AE660 /* Release */ = {
			isa = XCBuildConfiguration;
			buildSettings = {
				ALWAYS_EMBED_SWIFT_STANDARD_LIBRARIES = YES;
				CODE_SIGN_STYLE = Automatic;
				CURRENT_PROJECT_VERSION = 1;
				GENERATE_INFOPLIST_FILE = YES;
				MARKETING_VERSION = 1.0;
				PRODUCT_BUNDLE_IDENTIFIER = "VnPay.VnPay-Challenge-PokemonUITests";
				PRODUCT_NAME = "$(TARGET_NAME)";
				SWIFT_EMIT_LOC_STRINGS = NO;
				SWIFT_VERSION = 5.0;
				TARGETED_DEVICE_FAMILY = "1,2";
				TEST_TARGET_NAME = VnPay_Challenge_Pokemon;
			};
			name = Release;
		};
/* End XCBuildConfiguration section */

/* Begin XCConfigurationList section */
		842181852C39054A004AE660 /* Build configuration list for PBXProject "VnPay_Challenge_Pokemon" */ = {
			isa = XCConfigurationList;
			buildConfigurations = (
				842181B22C39054C004AE660 /* Debug */,
				842181B32C39054C004AE660 /* Release */,
			);
			defaultConfigurationIsVisible = 0;
			defaultConfigurationName = Release;
		};
		842181B42C39054C004AE660 /* Build configuration list for PBXNativeTarget "VnPay_Challenge_Pokemon" */ = {
			isa = XCConfigurationList;
			buildConfigurations = (
				842181B52C39054C004AE660 /* Debug */,
				842181B62C39054C004AE660 /* Release */,
			);
			defaultConfigurationIsVisible = 0;
			defaultConfigurationName = Release;
		};
		842181B72C39054C004AE660 /* Build configuration list for PBXNativeTarget "VnPay_Challenge_PokemonTests" */ = {
			isa = XCConfigurationList;
			buildConfigurations = (
				842181B82C39054C004AE660 /* Debug */,
				842181B92C39054C004AE660 /* Release */,
			);
			defaultConfigurationIsVisible = 0;
			defaultConfigurationName = Release;
		};
		842181BA2C39054C004AE660 /* Build configuration list for PBXNativeTarget "VnPay_Challenge_PokemonUITests" */ = {
			isa = XCConfigurationList;
			buildConfigurations = (
				842181BB2C39054C004AE660 /* Debug */,
				842181BC2C39054C004AE660 /* Release */,
			);
			defaultConfigurationIsVisible = 0;
			defaultConfigurationName = Release;
		};
/* End XCConfigurationList section */
	};
	rootObject = 842181822C39054A004AE660 /* Project object */;
}
